
Microsoft Visual Studio Solution File, Format Version 12.00
# Visual Studio Version 16
VisualStudioVersion = 16.0.30413.136
MinimumVisualStudioVersion = 10.0.40219.1
Project("{F2A71F9B-5D33-465A-A702-920D77279786}") = "GoatCarsProblem", "GoatCarsProblem\GoatCarsProblem.fsproj", "{479CF2A1-A283-4223-88EE-03E4ED9A75EC}"
EndProject
Global
	GlobalSection(SolutionConfigurationPlatforms) = preSolution
		Debug|Any CPU = Debug|Any CPU
		Release|Any CPU = Release|Any CPU
	EndGlobalSection
	GlobalSection(ProjectConfigurationPlatforms) = postSolution
		{479CF2A1-A283-4223-88EE-03E4ED9A75EC}.Debug|Any CPU.ActiveCfg = Debug|Any CPU
		{479CF2A1-A283-4223-88EE-03E4ED9A75EC}.Debug|Any CPU.Build.0 = Debug|Any CPU
		{479CF2A1-A283-4223-88EE-03E4ED9A75EC}.Release|Any CPU.ActiveCfg = Release|Any CPU
		{479CF2A1-A283-4223-88EE-03E4ED9A75EC}.Release|Any CPU.Build.0 = Release|Any CPU
	EndGlobalSection
	GlobalSection(SolutionProperties) = preSolution
		HideSolutionNode = FALSE
	EndGlobalSection
	GlobalSection(ExtensibilityGlobals) = postSolution
		SolutionGuid = {CBC2F39E-64C0-40BE-B92A-3C5D0AA06F49}
	EndGlobalSection
EndGlobal
